
Microsoft Visual Studio Solution File, Format Version 12.00
# Visual Studio 14
VisualStudioVersion = 14.0.23107.0
MinimumVisualStudioVersion = 10.0.40219.1
Project("{8BC9CEB8-8B4A-11D0-8D11-00A0C91BC942}") = "VirtualMiniport", "VirtualMiniport\VirtualMiniport.vcxproj", "{DE04B936-FA80-4ABB-A290-D231F7758BE7}"
EndProject
Project("{8BC9CEB8-8B4A-11D0-8D11-00A0C91BC942}") = "VirtualMiniport Package", "VirtualMiniport Package\VirtualMiniport Package.vcxproj", "{C62415E1-7C10-47A0-BF84-211C6ED1D86A}"
	ProjectSection(ProjectDependencies) = postProject
		{DE04B936-FA80-4ABB-A290-D231F7758BE7} = {DE04B936-FA80-4ABB-A290-D231F7758BE7}
	EndProjectSection
EndProject
Project("{2150E333-8FDC-42A3-9474-1A3956D46DE8}") = "Solution Items", "Solution Items", "{B8201F2C-29ED-4237-94DC-75285D68AB26}"
EndProject
Project("{8BC9CEB8-8B4A-11D0-8D11-00A0C91BC942}") = "VMControl", "VMControl\VMControl.vcxproj", "{0329B13D-7B8F-4A4E-9AC8-ADA0C6B34CFF}"
EndProject
Global
	GlobalSection(SolutionConfigurationPlatforms) = preSolution
		Debug|Mixed Platforms = Debug|Mixed Platforms
		Debug|Win32 = Debug|Win32
		Debug|x64 = Debug|x64
		Release|Mixed Platforms = Release|Mixed Platforms
		Release|Win32 = Release|Win32
		Release|x64 = Release|x64
		Win7 Debug|Mixed Platforms = Win7 Debug|Mixed Platforms
		Win7 Debug|Win32 = Win7 Debug|Win32
		Win7 Debug|x64 = Win7 Debug|x64
		Win7 Release|Mixed Platforms = Win7 Release|Mixed Platforms
		Win7 Release|Win32 = Win7 Release|Win32
		Win7 Release|x64 = Win7 Release|x64
		Win8 Debug|Mixed Platforms = Win8 Debug|Mixed Platforms
		Win8 Debug|Win32 = Win8 Debug|Win32
		Win8 Debug|x64 = Win8 Debug|x64
		Win8 Release|Mixed Platforms = Win8 Release|Mixed Platforms
		Win8 Release|Win32 = Win8 Release|Win32
		Win8 Release|x64 = Win8 Release|x64
		Win8.1 Debug|Mixed Platforms = Win8.1 Debug|Mixed Platforms
		Win8.1 Debug|Win32 = Win8.1 Debug|Win32
		Win8.1 Debug|x64 = Win8.1 Debug|x64
		Win8.1 Release|Mixed Platforms = Win8.1 Release|Mixed Platforms
		Win8.1 Release|Win32 = Win8.1 Release|Win32
		Win8.1 Release|x64 = Win8.1 Release|x64
	EndGlobalSection
	GlobalSection(ProjectConfigurationPlatforms) = postSolution
		{DE04B936-FA80-4ABB-A290-D231F7758BE7}.Debug|Mixed Platforms.ActiveCfg = Win8.1 Debug|Win32
		{DE04B936-FA80-4ABB-A290-D231F7758BE7}.Debug|Mixed Platforms.Build.0 = Win8.1 Debug|Win32
		{DE04B936-FA80-4ABB-A290-D231F7758BE7}.Debug|Win32.ActiveCfg = Win8.1 Debug|Win32
		{DE04B936-FA80-4ABB-A290-D231F7758BE7}.Debug|Win32.Build.0 = Win8.1 Debug|Win32
		{DE04B936-FA80-4ABB-A290-D231F7758BE7}.Debug|x64.ActiveCfg = Win8.1 Debug|x64
		{DE04B936-FA80-4ABB-A290-D231F7758BE7}.Debug|x64.Build.0 = Win8.1 Debug|x64
		{DE04B936-FA80-4ABB-A290-D231F7758BE7}.Debug|x64.Deploy.0 = Win8.1 Debug|x64
		{DE04B936-FA80-4ABB-A290-D231F7758BE7}.Release|Mixed Platforms.ActiveCfg = Win8.1 Release|Win32
		{DE04B936-FA80-4ABB-A290-D231F7758BE7}.Release|Mixed Platforms.Build.0 = Win8.1 Release|Win32
		{DE04B936-FA80-4ABB-A290-D231F7758BE7}.Release|Win32.ActiveCfg = Win8.1 Release|Win32
		{DE04B936-FA80-4ABB-A290-D231F7758BE7}.Release|Win32.Build.0 = Win8.1 Release|Win32
		{DE04B936-FA80-4ABB-A290-D231F7758BE7}.Release|x64.ActiveCfg = Win8.1 Release|x64
		{DE04B936-FA80-4ABB-A290-D231F7758BE7}.Release|x64.Build.0 = Win8.1 Release|x64
		{DE04B936-FA80-4ABB-A290-D231F7758BE7}.Release|x64.Deploy.0 = Win8.1 Release|x64
		{DE04B936-FA80-4ABB-A290-D231F7758BE7}.Win7 Debug|Mixed Platforms.ActiveCfg = Win7 Debug|Win32
		{DE04B936-FA80-4ABB-A290-D231F7758BE7}.Win7 Debug|Mixed Platforms.Build.0 = Win7 Debug|Win32
		{DE04B936-FA80-4ABB-A290-D231F7758BE7}.Win7 Debug|Win32.ActiveCfg = Win7 Debug|Win32
		{DE04B936-FA80-4ABB-A290-D231F7758BE7}.Win7 Debug|Win32.Build.0 = Win7 Debug|Win32
		{DE04B936-FA80-4ABB-A290-D231F7758BE7}.Win7 Debug|Win32.Deploy.0 = Win7 Debug|Win32
		{DE04B936-FA80-4ABB-A290-D231F7758BE7}.Win7 Debug|x64.ActiveCfg = Win7 Debug|x64
		{DE04B936-FA80-4ABB-A290-D231F7758BE7}.Win7 Debug|x64.Build.0 = Win7 Debug|x64
		{DE04B936-FA80-4ABB-A290-D231F7758BE7}.Win7 Debug|x64.Deploy.0 = Win7 Debug|x64
		{DE04B936-FA80-4ABB-A290-D231F7758BE7}.Win7 Release|Mixed Platforms.ActiveCfg = Win7 Release|Win32
		{DE04B936-FA80-4ABB-A290-D231F7758BE7}.Win7 Release|Mixed Platforms.Build.0 = Win7 Release|Win32
		{DE04B936-FA80-4ABB-A290-D231F7758BE7}.Win7 Release|Win32.ActiveCfg = Win7 Release|Win32
		{DE04B936-FA80-4ABB-A290-D231F7758BE7}.Win7 Release|Win32.Build.0 = Win7 Release|Win32
		{DE04B936-FA80-4ABB-A290-D231F7758BE7}.Win7 Release|Win32.Deploy.0 = Win7 Release|Win32
		{DE04B936-FA80-4ABB-A290-D231F7758BE7}.Win7 Release|x64.ActiveCfg = Win7 Release|x64
		{DE04B936-FA80-4ABB-A290-D231F7758BE7}.Win7 Release|x64.Build.0 = Win7 Release|x64
		{DE04B936-FA80-4ABB-A290-D231F7758BE7}.Win7 Release|x64.Deploy.0 = Win7 Release|x64
		{DE04B936-FA80-4ABB-A290-D231F7758BE7}.Win8 Debug|Mixed Platforms.ActiveCfg = Win8 Debug|Win32
		{DE04B936-FA80-4ABB-A290-D231F7758BE7}.Win8 Debug|Mixed Platforms.Build.0 = Win8 Debug|Win32
		{DE04B936-FA80-4ABB-A290-D231F7758BE7}.Win8 Debug|Win32.ActiveCfg = Win8 Debug|Win32
		{DE04B936-FA80-4ABB-A290-D231F7758BE7}.Win8 Debug|Win32.Build.0 = Win8 Debug|Win32
		{DE04B936-FA80-4ABB-A290-D231F7758BE7}.Win8 Debug|Win32.Deploy.0 = Win8 Debug|Win32
		{DE04B936-FA80-4ABB-A290-D231F7758BE7}.Win8 Debug|x64.ActiveCfg = Win8 Debug|x64
		{DE04B936-FA80-4ABB-A290-D231F7758BE7}.Win8 Debug|x64.Build.0 = Win8 Debug|x64
		{DE04B936-FA80-4ABB-A290-D231F7758BE7}.Win8 Debug|x64.Deploy.0 = Win8 Debug|x64
		{DE04B936-FA80-4ABB-A290-D231F7758BE7}.Win8 Release|Mixed Platforms.ActiveCfg = Win8 Release|Win32
		{DE04B936-FA80-4ABB-A290-D231F7758BE7}.Win8 Release|Mixed Platforms.Build.0 = Win8 Release|Win32
		{DE04B936-FA80-4ABB-A290-D231F7758BE7}.Win8 Release|Win32.ActiveCfg = Win8 Release|Win32
		{DE04B936-FA80-4ABB-A290-D231F7758BE7}.Win8 Release|Win32.Build.0 = Win8 Release|Win32
		{DE04B936-FA80-4ABB-A290-D231F7758BE7}.Win8 Release|Win32.Deploy.0 = Win8 Release|Win32
		{DE04B936-FA80-4ABB-A290-D231F7758BE7}.Win8 Release|x64.ActiveCfg = Win8 Release|x64
		{DE04B936-FA80-4ABB-A290-D231F7758BE7}.Win8 Release|x64.Build.0 = Win8 Release|x64
		{DE04B936-FA80-4ABB-A290-D231F7758BE7}.Win8 Release|x64.Deploy.0 = Win8 Release|x64
		{DE04B936-FA80-4ABB-A290-D231F7758BE7}.Win8.1 Debug|Mixed Platforms.ActiveCfg = Win8.1 Debug|Win32
		{DE04B936-FA80-4ABB-A290-D231F7758BE7}.Win8.1 Debug|Mixed Platforms.Build.0 = Win8.1 Debug|Win32
		{DE04B936-FA80-4ABB-A290-D231F7758BE7}.Win8.1 Debug|Win32.ActiveCfg = Win8.1 Debug|Win32
		{DE04B936-FA80-4ABB-A290-D231F7758BE7}.Win8.1 Debug|Win32.Build.0 = Win8.1 Debug|Win32
		{DE04B936-FA80-4ABB-A290-D231F7758BE7}.Win8.1 Debug|Win32.Deploy.0 = Win8.1 Debug|Win32
		{DE04B936-FA80-4ABB-A290-D231F7758BE7}.Win8.1 Debug|x64.ActiveCfg = Win8.1 Debug|x64
		{DE04B936-FA80-4ABB-A290-D231F7758BE7}.Win8.1 Debug|x64.Build.0 = Win8.1 Debug|x64
		{DE04B936-FA80-4ABB-A290-D231F7758BE7}.Win8.1 Debug|x64.Deploy.0 = Win8.1 Debug|x64
		{DE04B936-FA80-4ABB-A290-D231F7758BE7}.Win8.1 Release|Mixed Platforms.ActiveCfg = Win8.1 Release|x64
		{DE04B936-FA80-4ABB-A290-D231F7758BE7}.Win8.1 Release|Mixed Platforms.Build.0 = Win8.1 Release|x64
		{DE04B936-FA80-4ABB-A290-D231F7758BE7}.Win8.1 Release|Win32.ActiveCfg = Win8.1 Release|Win32
		{DE04B936-FA80-4ABB-A290-D231F7758BE7}.Win8.1 Release|Win32.Build.0 = Win8.1 Release|Win32
		{DE04B936-FA80-4ABB-A290-D231F7758BE7}.Win8.1 Release|Win32.Deploy.0 = Win8.1 Release|Win32
		{DE04B936-FA80-4ABB-A290-D231F7758BE7}.Win8.1 Release|x64.ActiveCfg = Win8.1 Release|x64
		{DE04B936-FA80-4ABB-A290-D231F7758BE7}.Win8.1 Release|x64.Build.0 = Win8.1 Release|x64
		{DE04B936-FA80-4ABB-A290-D231F7758BE7}.Win8.1 Release|x64.Deploy.0 = Win8.1 Release|x64
		{C62415E1-7C10-47A0-BF84-211C6ED1D86A}.Debug|Mixed Platforms.ActiveCfg = Win8.1 Debug|Win32
		{C62415E1-7C10-47A0-BF84-211C6ED1D86A}.Debug|Mixed Platforms.Build.0 = Win8.1 Debug|Win32
		{C62415E1-7C10-47A0-BF84-211C6ED1D86A}.Debug|Win32.ActiveCfg = Win8.1 Debug|Win32
		{C62415E1-7C10-47A0-BF84-211C6ED1D86A}.Debug|Win32.Build.0 = Win8.1 Debug|Win32
		{C62415E1-7C10-47A0-BF84-211C6ED1D86A}.Debug|x64.ActiveCfg = Win8.1 Debug|x64
		{C62415E1-7C10-47A0-BF84-211C6ED1D86A}.Debug|x64.Build.0 = Win8.1 Debug|x64
		{C62415E1-7C10-47A0-BF84-211C6ED1D86A}.Debug|x64.Deploy.0 = Win8.1 Debug|x64
		{C62415E1-7C10-47A0-BF84-211C6ED1D86A}.Release|Mixed Platforms.ActiveCfg = Win8.1 Release|Win32
		{C62415E1-7C10-47A0-BF84-211C6ED1D86A}.Release|Mixed Platforms.Build.0 = Win8.1 Release|Win32
		{C62415E1-7C10-47A0-BF84-211C6ED1D86A}.Release|Win32.ActiveCfg = Win8.1 Release|Win32
		{C62415E1-7C10-47A0-BF84-211C6ED1D86A}.Release|Win32.Build.0 = Win8.1 Release|Win32
		{C62415E1-7C10-47A0-BF84-211C6ED1D86A}.Release|x64.ActiveCfg = Win8.1 Release|x64
		{C62415E1-7C10-47A0-BF84-211C6ED1D86A}.Release|x64.Build.0 = Win8.1 Release|x64
		{C62415E1-7C10-47A0-BF84-211C6ED1D86A}.Release|x64.Deploy.0 = Win8.1 Release|x64
		{C62415E1-7C10-47A0-BF84-211C6ED1D86A}.Win7 Debug|Mixed Platforms.ActiveCfg = Win7 Debug|Win32
		{C62415E1-7C10-47A0-BF84-211C6ED1D86A}.Win7 Debug|Mixed Platforms.Build.0 = Win7 Debug|Win32
		{C62415E1-7C10-47A0-BF84-211C6ED1D86A}.Win7 Debug|Win32.ActiveCfg = Win7 Debug|Win32
		{C62415E1-7C10-47A0-BF84-211C6ED1D86A}.Win7 Debug|Win32.Build.0 = Win7 Debug|Win32
		{C62415E1-7C10-47A0-BF84-211C6ED1D86A}.Win7 Debug|Win32.Deploy.0 = Win7 Debug|Win32
		{C62415E1-7C10-47A0-BF84-211C6ED1D86A}.Win7 Debug|x64.ActiveCfg = Win7 Debug|x64
		{C62415E1-7C10-47A0-BF84-211C6ED1D86A}.Win7 Debug|x64.Build.0 = Win7 Debug|x64
		{C62415E1-7C10-47A0-BF84-211C6ED1D86A}.Win7 Debug|x64.Deploy.0 = Win7 Debug|x64
		{C62415E1-7C10-47A0-BF84-211C6ED1D86A}.Win7 Release|Mixed Platforms.ActiveCfg = Win7 Release|Win32
		{C62415E1-7C10-47A0-BF84-211C6ED1D86A}.Win7 Release|Mixed Platforms.Build.0 = Win7 Release|Win32
		{C62415E1-7C10-47A0-BF84-211C6ED1D86A}.Win7 Release|Win32.ActiveCfg = Win7 Release|Win32
		{C62415E1-7C10-47A0-BF84-211C6ED1D86A}.Win7 Release|Win32.Build.0 = Win7 Release|Win32
		{C62415E1-7C10-47A0-BF84-211C6ED1D86A}.Win7 Release|Win32.Deploy.0 = Win7 Release|Win32
		{C62415E1-7C10-47A0-BF84-211C6ED1D86A}.Win7 Release|x64.ActiveCfg = Win7 Release|x64
		{C62415E1-7C10-47A0-BF84-211C6ED1D86A}.Win7 Release|x64.Build.0 = Win7 Release|x64
		{C62415E1-7C10-47A0-BF84-211C6ED1D86A}.Win7 Release|x64.Deploy.0 = Win7 Release|x64
		{C62415E1-7C10-47A0-BF84-211C6ED1D86A}.Win8 Debug|Mixed Platforms.ActiveCfg = Win8 Debug|Win32
		{C62415E1-7C10-47A0-BF84-211C6ED1D86A}.Win8 Debug|Mixed Platforms.Build.0 = Win8 Debug|Win32
		{C62415E1-7C10-47A0-BF84-211C6ED1D86A}.Win8 Debug|Win32.ActiveCfg = Win8 Debug|Win32
		{C62415E1-7C10-47A0-BF84-211C6ED1D86A}.Win8 Debug|Win32.Build.0 = Win8 Debug|Win32
		{C62415E1-7C10-47A0-BF84-211C6ED1D86A}.Win8 Debug|Win32.Deploy.0 = Win8 Debug|Win32
		{C62415E1-7C10-47A0-BF84-211C6ED1D86A}.Win8 Debug|x64.ActiveCfg = Win8 Debug|x64
		{C62415E1-7C10-47A0-BF84-211C6ED1D86A}.Win8 Debug|x64.Build.0 = Win8 Debug|x64
		{C62415E1-7C10-47A0-BF84-211C6ED1D86A}.Win8 Debug|x64.Deploy.0 = Win8 Debug|x64
		{C62415E1-7C10-47A0-BF84-211C6ED1D86A}.Win8 Release|Mixed Platforms.ActiveCfg = Win8 Release|Win32
		{C62415E1-7C10-47A0-BF84-211C6ED1D86A}.Win8 Release|Mixed Platforms.Build.0 = Win8 Release|Win32
		{C62415E1-7C10-47A0-BF84-211C6ED1D86A}.Win8 Release|Win32.ActiveCfg = Win8 Release|Win32
		{C62415E1-7C10-47A0-BF84-211C6ED1D86A}.Win8 Release|Win32.Build.0 = Win8 Release|Win32
		{C62415E1-7C10-47A0-BF84-211C6ED1D86A}.Win8 Release|Win32.Deploy.0 = Win8 Release|Win32
		{C62415E1-7C10-47A0-BF84-211C6ED1D86A}.Win8 Release|x64.ActiveCfg = Win8 Release|x64
		{C62415E1-7C10-47A0-BF84-211C6ED1D86A}.Win8 Release|x64.Build.0 = Win8 Release|x64
		{C62415E1-7C10-47A0-BF84-211C6ED1D86A}.Win8 Release|x64.Deploy.0 = Win8 Release|x64
		{C62415E1-7C10-47A0-BF84-211C6ED1D86A}.Win8.1 Debug|Mixed Platforms.ActiveCfg = Win8.1 Debug|Win32
		{C62415E1-7C10-47A0-BF84-211C6ED1D86A}.Win8.1 Debug|Mixed Platforms.Build.0 = Win8.1 Debug|Win32
		{C62415E1-7C10-47A0-BF84-211C6ED1D86A}.Win8.1 Debug|Win32.ActiveCfg = Win8.1 Debug|Win32
		{C62415E1-7C10-47A0-BF84-211C6ED1D86A}.Win8.1 Debug|Win32.Build.0 = Win8.1 Debug|Win32
		{C62415E1-7C10-47A0-BF84-211C6ED1D86A}.Win8.1 Debug|Win32.Deploy.0 = Win8.1 Debug|Win32
		{C62415E1-7C10-47A0-BF84-211C6ED1D86A}.Win8.1 Debug|x64.ActiveCfg = Win8.1 Debug|x64
		{C62415E1-7C10-47A0-BF84-211C6ED1D86A}.Win8.1 Debug|x64.Build.0 = Win8.1 Debug|x64
		{C62415E1-7C10-47A0-BF84-211C6ED1D86A}.Win8.1 Debug|x64.Deploy.0 = Win8.1 Debug|x64
		{C62415E1-7C10-47A0-BF84-211C6ED1D86A}.Win8.1 Release|Mixed Platforms.ActiveCfg = Win8.1 Release|x64
		{C62415E1-7C10-47A0-BF84-211C6ED1D86A}.Win8.1 Release|Mixed Platforms.Build.0 = Win8.1 Release|x64
		{C62415E1-7C10-47A0-BF84-211C6ED1D86A}.Win8.1 Release|Win32.ActiveCfg = Win8.1 Release|Win32
		{C62415E1-7C10-47A0-BF84-211C6ED1D86A}.Win8.1 Release|Win32.Build.0 = Win8.1 Release|Win32
		{C62415E1-7C10-47A0-BF84-211C6ED1D86A}.Win8.1 Release|Win32.Deploy.0 = Win8.1 Release|Win32
		{C62415E1-7C10-47A0-BF84-211C6ED1D86A}.Win8.1 Release|x64.ActiveCfg = Win8.1 Release|x64
		{C62415E1-7C10-47A0-BF84-211C6ED1D86A}.Win8.1 Release|x64.Build.0 = Win8.1 Release|x64
		{C62415E1-7C10-47A0-BF84-211C6ED1D86A}.Win8.1 Release|x64.Deploy.0 = Win8.1 Release|x64
		{0329B13D-7B8F-4A4E-9AC8-ADA0C6B34CFF}.Debug|Mixed Platforms.ActiveCfg = Debug|Win32
		{0329B13D-7B8F-4A4E-9AC8-ADA0C6B34CFF}.Debug|Mixed Platforms.Build.0 = Debug|Win32
		{0329B13D-7B8F-4A4E-9AC8-ADA0C6B34CFF}.Debug|Win32.ActiveCfg = Debug|Win32
		{0329B13D-7B8F-4A4E-9AC8-ADA0C6B34CFF}.Debug|Win32.Build.0 = Debug|Win32
		{0329B13D-7B8F-4A4E-9AC8-ADA0C6B34CFF}.Debug|x64.ActiveCfg = Debug|Win32
		{0329B13D-7B8F-4A4E-9AC8-ADA0C6B34CFF}.Release|Mixed Platforms.ActiveCfg = Release|Win32
		{0329B13D-7B8F-4A4E-9AC8-ADA0C6B34CFF}.Release|Mixed Platforms.Build.0 = Release|Win32
		{0329B13D-7B8F-4A4E-9AC8-ADA0C6B34CFF}.Release|Win32.ActiveCfg = Release|Win32
		{0329B13D-7B8F-4A4E-9AC8-ADA0C6B34CFF}.Release|Win32.Build.0 = Release|Win32
		{0329B13D-7B8F-4A4E-9AC8-ADA0C6B34CFF}.Release|x64.ActiveCfg = Release|Win32
		{0329B13D-7B8F-4A4E-9AC8-ADA0C6B34CFF}.Win7 Debug|Mixed Platforms.ActiveCfg = Debug|Win32
		{0329B13D-7B8F-4A4E-9AC8-ADA0C6B34CFF}.Win7 Debug|Mixed Platforms.Build.0 = Debug|Win32
		{0329B13D-7B8F-4A4E-9AC8-ADA0C6B34CFF}.Win7 Debug|Win32.ActiveCfg = Debug|Win32
		{0329B13D-7B8F-4A4E-9AC8-ADA0C6B34CFF}.Win7 Debug|Win32.Build.0 = Debug|Win32
		{0329B13D-7B8F-4A4E-9AC8-ADA0C6B34CFF}.Win7 Debug|x64.ActiveCfg = Debug|Win32
		{0329B13D-7B8F-4A4E-9AC8-ADA0C6B34CFF}.Win7 Release|Mixed Platforms.ActiveCfg = Release|Win32
		{0329B13D-7B8F-4A4E-9AC8-ADA0C6B34CFF}.Win7 Release|Mixed Platforms.Build.0 = Release|Win32
		{0329B13D-7B8F-4A4E-9AC8-ADA0C6B34CFF}.Win7 Release|Win32.ActiveCfg = Release|Win32
		{0329B13D-7B8F-4A4E-9AC8-ADA0C6B34CFF}.Win7 Release|Win32.Build.0 = Release|Win32
		{0329B13D-7B8F-4A4E-9AC8-ADA0C6B34CFF}.Win7 Release|x64.ActiveCfg = Release|Win32
		{0329B13D-7B8F-4A4E-9AC8-ADA0C6B34CFF}.Win8 Debug|Mixed Platforms.ActiveCfg = Debug|Win32
		{0329B13D-7B8F-4A4E-9AC8-ADA0C6B34CFF}.Win8 Debug|Mixed Platforms.Build.0 = Debug|Win32
		{0329B13D-7B8F-4A4E-9AC8-ADA0C6B34CFF}.Win8 Debug|Win32.ActiveCfg = Debug|Win32
		{0329B13D-7B8F-4A4E-9AC8-ADA0C6B34CFF}.Win8 Debug|Win32.Build.0 = Debug|Win32
		{0329B13D-7B8F-4A4E-9AC8-ADA0C6B34CFF}.Win8 Debug|x64.ActiveCfg = Debug|Win32
		{0329B13D-7B8F-4A4E-9AC8-ADA0C6B34CFF}.Win8 Release|Mixed Platforms.ActiveCfg = Release|Win32
		{0329B13D-7B8F-4A4E-9AC8-ADA0C6B34CFF}.Win8 Release|Mixed Platforms.Build.0 = Release|Win32
		{0329B13D-7B8F-4A4E-9AC8-ADA0C6B34CFF}.Win8 Release|Win32.ActiveCfg = Release|Win32
		{0329B13D-7B8F-4A4E-9AC8-ADA0C6B34CFF}.Win8 Release|Win32.Build.0 = Release|Win32
		{0329B13D-7B8F-4A4E-9AC8-ADA0C6B34CFF}.Win8 Release|x64.ActiveCfg = Release|Win32
		{0329B13D-7B8F-4A4E-9AC8-ADA0C6B34CFF}.Win8.1 Debug|Mixed Platforms.ActiveCfg = Debug|Win32
		{0329B13D-7B8F-4A4E-9AC8-ADA0C6B34CFF}.Win8.1 Debug|Mixed Platforms.Build.0 = Debug|Win32
		{0329B13D-7B8F-4A4E-9AC8-ADA0C6B34CFF}.Win8.1 Debug|Win32.ActiveCfg = Debug|Win32
		{0329B13D-7B8F-4A4E-9AC8-ADA0C6B34CFF}.Win8.1 Debug|Win32.Build.0 = Debug|Win32
		{0329B13D-7B8F-4A4E-9AC8-ADA0C6B34CFF}.Win8.1 Debug|x64.ActiveCfg = Debug|Win32
		{0329B13D-7B8F-4A4E-9AC8-ADA0C6B34CFF}.Win8.1 Release|Mixed Platforms.ActiveCfg = Release|Win32
		{0329B13D-7B8F-4A4E-9AC8-ADA0C6B34CFF}.Win8.1 Release|Mixed Platforms.Build.0 = Release|Win32
		{0329B13D-7B8F-4A4E-9AC8-ADA0C6B34CFF}.Win8.1 Release|Win32.ActiveCfg = Release|Win32
		{0329B13D-7B8F-4A4E-9AC8-ADA0C6B34CFF}.Win8.1 Release|Win32.Build.0 = Release|Win32
		{0329B13D-7B8F-4A4E-9AC8-ADA0C6B34CFF}.Win8.1 Release|x64.ActiveCfg = Release|x64
		{0329B13D-7B8F-4A4E-9AC8-ADA0C6B34CFF}.Win8.1 Release|x64.Build.0 = Release|x64
	EndGlobalSection
	GlobalSection(SolutionProperties) = preSolution
		HideSolutionNode = FALSE
	EndGlobalSection
	GlobalSection(TeamFoundationVersionControl) = preSolution
		SccNumberOfProjects = 4
		SccEnterpriseProvider = {4CA58AB2-18FA-4F8D-95D4-32DDF27D184C}
		SccTeamFoundationServer = https://accelerio.visualstudio.com/defaultcollection
		SccLocalPath0 = .
		SccProjectUniqueName1 = VirtualMiniport\u0020Package\\VirtualMiniport\u0020Package.vcxproj
		SccProjectName1 = VirtualMiniport\u0020Package
		SccLocalPath1 = VirtualMiniport\u0020Package
		SccProjectUniqueName2 = VMControl\\VMControl.vcxproj
		SccProjectName2 = VMControl
		SccLocalPath2 = VMControl
		SccProjectUniqueName3 = VirtualMiniport\\VirtualMiniport.vcxproj
		SccProjectName3 = VirtualMiniport
		SccLocalPath3 = VirtualMiniport
	EndGlobalSection
EndGlobal
