<?xml version="1.0" encoding="utf-8"?>
<Project ToolsVersion="4.0" xmlns="http://schemas.microsoft.com/developer/msbuild/2003">
  <ItemGroup>
    <Filter Include="Source Files">
      <UniqueIdentifier>{4FC737F1-C7A5-4376-A066-2A32D752A2FF}</UniqueIdentifier>
      <Extensions>cpp;c;cc;cxx;def;odl;idl;hpj;bat;asm;asmx</Extensions>
    </Filter>
    <Filter Include="Header Files">
      <UniqueIdentifier>{93995380-89BD-4b04-88EB-625FBE52EBFB}</UniqueIdentifier>
      <Extensions>h;hpp;hxx;hm;inl;inc;xsd</Extensions>
    </Filter>
    <Filter Include="Resource Files">
      <UniqueIdentifier>{67DA6AB6-F800-4c08-8B7A-83BB121AAD01}</UniqueIdentifier>
      <Extensions>rc;ico;cur;bmp;dlg;rc2;rct;bin;rgs;gif;jpg;jpeg;jpe;resx;tiff;tif;png;wav;mfcribbon-ms</Extensions>
    </Filter>
    <Filter Include="Driver Files">
      <UniqueIdentifier>{8E41214B-6785-4CFE-B992-037D68949A14}</UniqueIdentifier>
      <Extensions>inf;inv;inx;mof;mc;</Extensions>
    </Filter>
    <Filter Include="VMCommon">
      <UniqueIdentifier>{d7c7a196-83ab-4b93-9859-667bbc306e28}</UniqueIdentifier>
    </Filter>
    <Filter Include="Configuration">
      <UniqueIdentifier>{7f9b8b00-363a-436e-a922-7b6fb488b493}</UniqueIdentifier>
    </Filter>
  </ItemGroup>
  <ItemGroup>
    <Inf Include="VirtualMiniport.inf">
      <Filter>Driver Files</Filter>
    </Inf>
  </ItemGroup>
  <ItemGroup>
    <ClCompile Include="VirtualMiniportInit.C">
      <Filter>Source Files</Filter>
    </ClCompile>
    <ClCompile Include="VirtualMiniportScsi.C">
      <Filter>Source Files</Filter>
    </ClCompile>
    <ClCompile Include="VirtualMiniportSupportRoutines.C">
      <Filter>Source Files</Filter>
    </ClCompile>
    <ClCompile Include="VirtualMiniportConfig.C">
      <Filter>Source Files</Filter>
    </ClCompile>
    <ClCompile Include="VirtualMiniportWrapper.C">
      <Filter>Source Files</Filter>
    </ClCompile>
    <ClCompile Include="VirtualMiniportAdapter.C">
      <Filter>Source Files</Filter>
    </ClCompile>
    <ClCompile Include="VirtualMiniportIoctl.C">
      <Filter>Source Files</Filter>
    </ClCompile>
    <ClCompile Include="VirtualMiniportScheduler.C">
      <Filter>Source Files</Filter>
    </ClCompile>
    <ClCompile Include="VirtualMiniportPnp.C">
      <Filter>Source Files</Filter>
    </ClCompile>
    <ClCompile Include="VirtualMiniportBus.C">
      <Filter>Source Files</Filter>
    </ClCompile>
    <ClCompile Include="VirtualMiniportDevice.C">
      <Filter>Source Files</Filter>
    </ClCompile>
    <ClCompile Include="VirtualMiniportTarget.C">
      <Filter>Source Files</Filter>
    </ClCompile>
    <ClCompile Include="VirtualMiniportLun.C">
      <Filter>Source Files</Filter>
    </ClCompile>
    <ClCompile Include="VirtualMiniportFile.C">
      <Filter>Source Files</Filter>
    </ClCompile>
  </ItemGroup>
  <ItemGroup>
    <ClInclude Include="VirtualMiniportProduct.h">
      <Filter>Header Files</Filter>
    </ClInclude>
    <ClInclude Include="VirtualMiniportDefinitions.h">
      <Filter>Header Files</Filter>
    </ClInclude>
    <ClInclude Include="..\VMCommon\VirtualMiniportCommon.h">
      <Filter>VMCommon</Filter>
    </ClInclude>
    <ClInclude Include="VirtualMiniportSupportRoutines.h">
      <Filter>Header Files</Filter>
    </ClInclude>
    <ClInclude Include="VirtualMiniportConfig.h">
      <Filter>Header Files</Filter>
    </ClInclude>
    <ClInclude Include="VirtualMiniportWrapper.h">
      <Filter>Header Files</Filter>
    </ClInclude>
    <ClInclude Include="VirtualMiniportTrace.h">
      <Filter>Header Files</Filter>
    </ClInclude>
    <ClInclude Include="VirtualMiniportWPPConfiguration.h">
      <Filter>Configuration</Filter>
    </ClInclude>
    <ClInclude Include="VirtualMiniportAdapter.h">
      <Filter>Header Files</Filter>
    </ClInclude>
    <ClInclude Include="VirtualMiniportIoctl.h">
      <Filter>Header Files</Filter>
    </ClInclude>
    <ClInclude Include="VirtualMiniportScheduler.h">
      <Filter>Header Files</Filter>
    </ClInclude>
    <ClInclude Include="VirtualMiniportPnp.h">
      <Filter>Header Files</Filter>
    </ClInclude>
    <ClInclude Include="VirtualMiniportScsi.h">
      <Filter>Header Files</Filter>
    </ClInclude>
    <ClInclude Include="VirtualMiniportBus.h">
      <Filter>Header Files</Filter>
    </ClInclude>
    <ClInclude Include="VirtualMiniportDevice.h">
      <Filter>Header Files</Filter>
    </ClInclude>
    <ClInclude Include="VirtualMiniportTarget.h">
      <Filter>Header Files</Filter>
    </ClInclude>
    <ClInclude Include="VirtualMiniportLun.h">
      <Filter>Header Files</Filter>
    </ClInclude>
    <ClInclude Include="VirtualMiniportDeviceTypes.h">
      <Filter>Header Files</Filter>
    </ClInclude>
    <ClInclude Include="VirtualMiniportFile.h">
      <Filter>Header Files</Filter>
    </ClInclude>
  </ItemGroup>
  <ItemGroup>
    <MessageCompile Include="VirtualMiniport.man">
      <Filter>Resource Files</Filter>
    </MessageCompile>
  </ItemGroup>
  <ItemGroup>
    <None Include="VirtualMiniportWPPTrace.ini">
      <Filter>Configuration</Filter>
    </None>
  </ItemGroup>
</Project>