
Microsoft Visual Studio Solution File, Format Version 12.00
# Visual Studio 14
VisualStudioVersion = 14.0.23107.0
MinimumVisualStudioVersion = 10.0.40219.1
Project("{8BC9CEB8-8B4A-11D0-8D11-00A0C91BC942}") = "AccelerIO", "AccelerIO\AccelerIO.vcxproj", "{5785B851-FBE5-4A03-BE84-3C81871E9A62}"
EndProject
Project("{8BC9CEB8-8B4A-11D0-8D11-00A0C91BC942}") = "Driver Package", "Driver Package\Driver Package.vcxproj", "{CA873C8F-AB27-4087-A6B2-76C8494E5658}"
EndProject
Global
	GlobalSection(SolutionConfigurationPlatforms) = preSolution
		Debug|ARM = Debug|ARM
		Debug|ARM64 = Debug|ARM64
		Debug|x64 = Debug|x64
		Debug|x86 = Debug|x86
		Release|ARM = Release|ARM
		Release|ARM64 = Release|ARM64
		Release|x64 = Release|x64
		Release|x86 = Release|x86
	EndGlobalSection
	GlobalSection(ProjectConfigurationPlatforms) = postSolution
		{5785B851-FBE5-4A03-BE84-3C81871E9A62}.Debug|ARM.ActiveCfg = Debug|ARM
		{5785B851-FBE5-4A03-BE84-3C81871E9A62}.Debug|ARM.Build.0 = Debug|ARM
		{5785B851-FBE5-4A03-BE84-3C81871E9A62}.Debug|ARM64.ActiveCfg = Debug|ARM64
		{5785B851-FBE5-4A03-BE84-3C81871E9A62}.Debug|ARM64.Build.0 = Debug|ARM64
		{5785B851-FBE5-4A03-BE84-3C81871E9A62}.Debug|x64.ActiveCfg = Debug|x64
		{5785B851-FBE5-4A03-BE84-3C81871E9A62}.Debug|x64.Build.0 = Debug|x64
		{5785B851-FBE5-4A03-BE84-3C81871E9A62}.Debug|x86.ActiveCfg = Debug|Win32
		{5785B851-FBE5-4A03-BE84-3C81871E9A62}.Debug|x86.Build.0 = Debug|Win32
		{5785B851-FBE5-4A03-BE84-3C81871E9A62}.Release|ARM.ActiveCfg = Release|ARM
		{5785B851-FBE5-4A03-BE84-3C81871E9A62}.Release|ARM.Build.0 = Release|ARM
		{5785B851-FBE5-4A03-BE84-3C81871E9A62}.Release|ARM64.ActiveCfg = Release|ARM64
		{5785B851-FBE5-4A03-BE84-3C81871E9A62}.Release|ARM64.Build.0 = Release|ARM64
		{5785B851-FBE5-4A03-BE84-3C81871E9A62}.Release|x64.ActiveCfg = Release|x64
		{5785B851-FBE5-4A03-BE84-3C81871E9A62}.Release|x64.Build.0 = Release|x64
		{5785B851-FBE5-4A03-BE84-3C81871E9A62}.Release|x86.ActiveCfg = Release|Win32
		{5785B851-FBE5-4A03-BE84-3C81871E9A62}.Release|x86.Build.0 = Release|Win32
		{CA873C8F-AB27-4087-A6B2-76C8494E5658}.Debug|ARM.ActiveCfg = Debug|ARM
		{CA873C8F-AB27-4087-A6B2-76C8494E5658}.Debug|ARM.Build.0 = Debug|ARM
		{CA873C8F-AB27-4087-A6B2-76C8494E5658}.Debug|ARM64.ActiveCfg = Debug|ARM64
		{CA873C8F-AB27-4087-A6B2-76C8494E5658}.Debug|ARM64.Build.0 = Debug|ARM64
		{CA873C8F-AB27-4087-A6B2-76C8494E5658}.Debug|x64.ActiveCfg = Debug|x64
		{CA873C8F-AB27-4087-A6B2-76C8494E5658}.Debug|x64.Build.0 = Debug|x64
		{CA873C8F-AB27-4087-A6B2-76C8494E5658}.Debug|x64.Deploy.0 = Debug|x64
		{CA873C8F-AB27-4087-A6B2-76C8494E5658}.Debug|x86.ActiveCfg = Debug|Win32
		{CA873C8F-AB27-4087-A6B2-76C8494E5658}.Debug|x86.Build.0 = Debug|Win32
		{CA873C8F-AB27-4087-A6B2-76C8494E5658}.Debug|x86.Deploy.0 = Debug|Win32
		{CA873C8F-AB27-4087-A6B2-76C8494E5658}.Release|ARM.ActiveCfg = Release|ARM
		{CA873C8F-AB27-4087-A6B2-76C8494E5658}.Release|ARM.Build.0 = Release|ARM
		{CA873C8F-AB27-4087-A6B2-76C8494E5658}.Release|ARM64.ActiveCfg = Release|ARM64
		{CA873C8F-AB27-4087-A6B2-76C8494E5658}.Release|ARM64.Build.0 = Release|ARM64
		{CA873C8F-AB27-4087-A6B2-76C8494E5658}.Release|x64.ActiveCfg = Release|x64
		{CA873C8F-AB27-4087-A6B2-76C8494E5658}.Release|x64.Build.0 = Release|x64
		{CA873C8F-AB27-4087-A6B2-76C8494E5658}.Release|x64.Deploy.0 = Release|x64
		{CA873C8F-AB27-4087-A6B2-76C8494E5658}.Release|x86.ActiveCfg = Release|Win32
		{CA873C8F-AB27-4087-A6B2-76C8494E5658}.Release|x86.Build.0 = Release|Win32
		{CA873C8F-AB27-4087-A6B2-76C8494E5658}.Release|x86.Deploy.0 = Release|Win32
	EndGlobalSection
	GlobalSection(SolutionProperties) = preSolution
		HideSolutionNode = FALSE
	EndGlobalSection
	GlobalSection(TeamFoundationVersionControl) = preSolution
		SccNumberOfProjects = 3
		SccEnterpriseProvider = {4CA58AB2-18FA-4F8D-95D4-32DDF27D184C}
		SccTeamFoundationServer = https://accelerio.visualstudio.com/defaultcollection
		SccLocalPath0 = .
		SccProjectUniqueName1 = Driver\u0020Package\\Driver\u0020Package.vcxproj
		SccProjectName1 = Driver\u0020Package
		SccLocalPath1 = Driver\u0020Package
		SccProjectUniqueName2 = AccelerIO\\AccelerIO.vcxproj
		SccProjectName2 = AccelerIO
		SccLocalPath2 = AccelerIO
	EndGlobalSection
EndGlobal
